{
  "name": "tricky-pincoder",
  "version": "1.0.0",
  "lockfileVersion": 1,
  "requires": true,
  "dependencies": {
    "pincode-input": {
      "version": "0.4.3",
      "resolved": "https://registry.npmjs.org/pincode-input/-/pincode-input-0.4.3.tgz",
      "integrity": "sha512-Nctu0vYf1dqzizoIjvWOVC292/5Zk7svr81loAXh6xXD+uKP8n/9rE7MnH5Qg19vS5oRXoDF0CCWJF6m3yQCfg=="
    }
  }
}
